PODS:
  - pubnub_chat (1.0):
    - PubNubSwift
  - PubNubSwift (7.3.1)

DEPENDENCIES:
  - pubnub_chat (from `../`)
  - PubNubSwift (from `../pubnub-kotlin/swift`)

EXTERNAL SOURCES:
  pubnub_chat:
    :path: "../"
  PubNubSwift:
    :path: "../pubnub-kotlin/swift"

SPEC CHECKSUMS:
  pubnub_chat: 9aaa76a00599d89f31aedd2adb392351dfe808f9
  PubNubSwift: 9db89fbc1e29712bf3089bbceabb9593e121eeb7

PODFILE CHECKSUM: 41a6f05888d1bb127c4186d8fa8ec199f39a14c9

COCOAPODS: 1.15.2
