// !$*UTF8*$!
{
	archiveVersion = 1;
	classes = {
	};
	objectVersion = 56;
	objects = {

/* Begin PBXBuildFile section */
		84B33B332BC7DAA000700765 /* Sample_Chat_appApp.swift in Sources */ = {isa = PBXBuildFile; fileRef = 84B33B322BC7DAA000700765 /* Sample_Chat_appApp.swift */; };
		84B33B352BC7DAA000700765 /* ContentView.swift in Sources */ = {isa = PBXBuildFile; fileRef = 84B33B342BC7DAA000700765 /* ContentView.swift */; };
		84B33B372BC7DAA100700765 /* Assets.xcassets in Resources */ = {isa = PBXBuildFile; fileRef = 84B33B362BC7DAA100700765 /* Assets.xcassets */; };
		84B33B3A2BC7DAA100700765 /* Preview Assets.xcassets in Resources */ = {isa = PBXBuildFile; fileRef = 84B33B392BC7DAA100700765 /* Preview Assets.xcassets */; };
		D7178509F5655DD745FCEA47 /* Pods_Sample_Chat_app.framework in Frameworks */ = {isa = PBXBuildFile; fileRef = C41F3496C3ED9514574BD11F /* Pods_Sample_Chat_app.framework */; };
/* End PBXBuildFile section */

/* Begin PBXFileReference section */
		84B33B2F2BC7DAA000700765 /* Sample Chat app.app */ = {isa = PBXFileReference; explicitFileType = wrapper.application; includeInIndex = 0; path = "Sample Chat app.app"; sourceTree = BUILT_PRODUCTS_DIR; };
		84B33B322BC7DAA000700765 /* Sample_Chat_appApp.swift */ = {isa = PBXFileReference; lastKnownFileType = sourcecode.swift; path = Sample_Chat_appApp.swift; sourceTree = "<group>"; };
		84B33B342BC7DAA000700765 /* ContentView.swift */ = {isa = PBXFileReference; lastKnownFileType = sourcecode.swift; path = ContentView.swift; sourceTree = "<group>"; };
		84B33B362BC7DAA100700765 /* Assets.xcassets */ = {isa = PBXFileReference; lastKnownFileType = folder.assetcatalog; path = Assets.xcassets; sourceTree = "<group>"; };
		84B33B392BC7DAA100700765 /* Preview Assets.xcassets */ = {isa = PBXFileReference; lastKnownFileType = folder.assetcatalog; path = "Preview Assets.xcassets"; sourceTree = "<group>"; };
		84B33B412BC7DBB300700765 /* PubNubChat.framework */ = {isa = PBXFileReference; lastKnownFileType = wrapper.framework; name = PubNubChat.framework; path = "../../pubnub-chat/build/bin/iosSimulatorArm64/debugFramework/PubNubChat.framework"; sourceTree = "<group>"; };
		84B33B472BC8567500700765 /* PubNub.framework */ = {isa = PBXFileReference; lastKnownFileType = wrapper.framework; name = PubNub.framework; path = "../../../Documents/Debug-iphonesimulator/PubNub.framework"; sourceTree = "<group>"; };
		C41F3496C3ED9514574BD11F /* Pods_Sample_Chat_app.framework */ = {isa = PBXFileReference; explicitFileType = wrapper.framework; includeInIndex = 0; path = Pods_Sample_Chat_app.framework; sourceTree = BUILT_PRODUCTS_DIR; };
		E2617C5E672B294146E13F4D /* Pods-Sample Chat app.debug.xcconfig */ = {isa = PBXFileReference; includeInIndex = 1; lastKnownFileType = text.xcconfig; name = "Pods-Sample Chat app.debug.xcconfig"; path = "Target Support Files/Pods-Sample Chat app/Pods-Sample Chat app.debug.xcconfig"; sourceTree = "<group>"; };
		F3A5731BF197B94415251D31 /* Pods-Sample Chat app.release.xcconfig */ = {isa = PBXFileReference; includeInIndex = 1; lastKnownFileType = text.xcconfig; name = "Pods-Sample Chat app.release.xcconfig"; path = "Target Support Files/Pods-Sample Chat app/Pods-Sample Chat app.release.xcconfig"; sourceTree = "<group>"; };
/* End PBXFileReference section */

/* Begin PBXFrameworksBuildPhase section */
		84B33B2C2BC7DAA000700765 /* Frameworks */ = {
			isa = PBXFrameworksBuildPhase;
			buildActionMask = 2147483647;
			files = (
				D7178509F5655DD745FCEA47 /* Pods_Sample_Chat_app.framework in Frameworks */,
			);
			runOnlyForDeploymentPostprocessing = 0;
		};
/* End PBXFrameworksBuildPhase section */

/* Begin PBXGroup section */
		5965E0C40BB578C60C2FA79A /* Pods */ = {
			isa = PBXGroup;
			children = (
				E2617C5E672B294146E13F4D /* Pods-Sample Chat app.debug.xcconfig */,
				F3A5731BF197B94415251D31 /* Pods-Sample Chat app.release.xcconfig */,
			);
			path = Pods;
			sourceTree = "<group>";
		};
		84B33B262BC7DAA000700765 = {
			isa = PBXGroup;
			children = (
				84B33B312BC7DAA000700765 /* Sample Chat app */,
				84B33B302BC7DAA000700765 /* Products */,
				84B33B402BC7DBB300700765 /* Frameworks */,
				5965E0C40BB578C60C2FA79A /* Pods */,
			);
			sourceTree = "<group>";
		};
		84B33B302BC7DAA000700765 /* Products */ = {
			isa = PBXGroup;
			children = (
				84B33B2F2BC7DAA000700765 /* Sample Chat app.app */,
			);
			name = Products;
			sourceTree = "<group>";
		};
		84B33B312BC7DAA000700765 /* Sample Chat app */ = {
			isa = PBXGroup;
			children = (
				84B33B322BC7DAA000700765 /* Sample_Chat_appApp.swift */,
				84B33B342BC7DAA000700765 /* ContentView.swift */,
				84B33B362BC7DAA100700765 /* Assets.xcassets */,
				84B33B382BC7DAA100700765 /* Preview Content */,
			);
			path = "Sample Chat app";
			sourceTree = "<group>";
		};
		84B33B382BC7DAA100700765 /* Preview Content */ = {
			isa = PBXGroup;
			children = (
				84B33B392BC7DAA100700765 /* Preview Assets.xcassets */,
			);
			path = "Preview Content";
			sourceTree = "<group>";
		};
		84B33B402BC7DBB300700765 /* Frameworks */ = {
			isa = PBXGroup;
			children = (
				84B33B472BC8567500700765 /* PubNub.framework */,
				84B33B412BC7DBB300700765 /* PubNubChat.framework */,
				C41F3496C3ED9514574BD11F /* Pods_Sample_Chat_app.framework */,
			);
			name = Frameworks;
			sourceTree = "<group>";
		};
/* End PBXGroup section */

/* Begin PBXNativeTarget section */
		84B33B2E2BC7DAA000700765 /* Sample Chat app */ = {
			isa = PBXNativeTarget;
			buildConfigurationList = 84B33B3D2BC7DAA100700765 /* Build configuration list for PBXNativeTarget "Sample Chat app" */;
			buildPhases = (
				3EB5EAAF2F92A6A2D615ACB9 /* [CP] Check Pods Manifest.lock */,
				84B33B2B2BC7DAA000700765 /* Sources */,
				84B33B2C2BC7DAA000700765 /* Frameworks */,
				84B33B2D2BC7DAA000700765 /* Resources */,
				91361673E2EA8F6F8DF5424A /* [CP] Embed Pods Frameworks */,
			);
			buildRules = (
			);
			dependencies = (
			);
			name = "Sample Chat app";
			productName = "Sample Chat app";
			productReference = 84B33B2F2BC7DAA000700765 /* Sample Chat app.app */;
			productType = "com.apple.product-type.application";
		};
/* End PBXNativeTarget section */

/* Begin PBXProject section */
		84B33B272BC7DAA000700765 /* Project object */ = {
			isa = PBXProject;
			attributes = {
				BuildIndependentTargetsInParallel = 1;
				LastSwiftUpdateCheck = 1500;
				LastUpgradeCheck = 1500;
				TargetAttributes = {
					84B33B2E2BC7DAA000700765 = {
						CreatedOnToolsVersion = 15.0;
					};
				};
			};
			buildConfigurationList = 84B33B2A2BC7DAA000700765 /* Build configuration list for PBXProject "Sample Chat app" */;
			compatibilityVersion = "Xcode 14.0";
			developmentRegion = en;
			hasScannedForEncodings = 0;
			knownRegions = (
				en,
				Base,
			);
			mainGroup = 84B33B262BC7DAA000700765;
			productRefGroup = 84B33B302BC7DAA000700765 /* Products */;
			projectDirPath = "";
			projectRoot = "";
			targets = (
				84B33B2E2BC7DAA000700765 /* Sample Chat app */,
			);
		};
/* End PBXProject section */

/* Begin PBXResourcesBuildPhase section */
		84B33B2D2BC7DAA000700765 /* Resources */ = {
			isa = PBXResourcesBuildPhase;
			buildActionMask = 2147483647;
			files = (
				84B33B3A2BC7DAA100700765 /* Preview Assets.xcassets in Resources */,
				84B33B372BC7DAA100700765 /* Assets.xcassets in Resources */,
			);
			runOnlyForDeploymentPostprocessing = 0;
		};
/* End PBXResourcesBuildPhase section */

/* Begin PBXShellScriptBuildPhase section */
		3EB5EAAF2F92A6A2D615ACB9 /* [CP] Check Pods Manifest.lock */ = {
			isa = PBXShellScriptBuildPhase;
			buildActionMask = 2147483647;
			files = (
			);
			inputFileListPaths = (
			);
			inputPaths = (
				"${PODS_PODFILE_DIR_PATH}/Podfile.lock",
				"${PODS_ROOT}/Manifest.lock",
			);
			name = "[CP] Check Pods Manifest.lock";
			outputFileListPaths = (
			);
			outputPaths = (
				"$(DERIVED_FILE_DIR)/Pods-Sample Chat app-checkManifestLockResult.txt",
			);
			runOnlyForDeploymentPostprocessing = 0;
			shellPath = /bin/sh;
			shellScript = "diff \"${PODS_PODFILE_DIR_PATH}/Podfile.lock\" \"${PODS_ROOT}/Manifest.lock\" > /dev/null\nif [ $? != 0 ] ; then\n    # print error to STDERR\n    echo \"error: The sandbox is not in sync with the Podfile.lock. Run 'pod install' or update your CocoaPods installation.\" >&2\n    exit 1\nfi\n# This output is used by Xcode 'outputs' to avoid re-running this script phase.\necho \"SUCCESS\" > \"${SCRIPT_OUTPUT_FILE_0}\"\n";
			showEnvVarsInLog = 0;
		};
		91361673E2EA8F6F8DF5424A /* [CP] Embed Pods Frameworks */ = {
			isa = PBXShellScriptBuildPhase;
			buildActionMask = 2147483647;
			files = (
			);
			inputFileListPaths = (
				"${PODS_ROOT}/Target Support Files/Pods-Sample Chat app/Pods-Sample Chat app-frameworks-${CONFIGURATION}-input-files.xcfilelist",
			);
			name = "[CP] Embed Pods Frameworks";
			outputFileListPaths = (
				"${PODS_ROOT}/Target Support Files/Pods-Sample Chat app/Pods-Sample Chat app-frameworks-${CONFIGURATION}-output-files.xcfilelist",
			);
			runOnlyForDeploymentPostprocessing = 0;
			shellPath = /bin/sh;
			shellScript = "\"${PODS_ROOT}/Target Support Files/Pods-Sample Chat app/Pods-Sample Chat app-frameworks.sh\"\n";
			showEnvVarsInLog = 0;
		};
/* End PBXShellScriptBuildPhase section */

/* Begin PBXSourcesBuildPhase section */
		84B33B2B2BC7DAA000700765 /* Sources */ = {
			isa = PBXSourcesBuildPhase;
			buildActionMask = 2147483647;
			files = (
				84B33B352BC7DAA000700765 /* ContentView.swift in Sources */,
				84B33B332BC7DAA000700765 /* Sample_Chat_appApp.swift in Sources */,
			);
			runOnlyForDeploymentPostprocessing = 0;
		};
/* End PBXSourcesBuildPhase section */

/* Begin XCBuildConfiguration section */
		84B33B3B2BC7DAA100700765 /* Debug */ = {
			isa = XCBuildConfiguration;
			buildSettings = {
				ALWAYS_SEARCH_USER_PATHS = NO;
				ASSETCATALOG_COMPILER_GENERATE_SWIFT_ASSET_SYMBOL_EXTENSIONS = YES;
				CLANG_ANALYZER_NONNULL = YES;
				CLANG_ANALYZER_NUMBER_OBJECT_CONVERSION = YES_AGGRESSIVE;
				CLANG_CXX_LANGUAGE_STANDARD = "gnu++20";
				CLANG_ENABLE_MODULES = YES;
				CLANG_ENABLE_OBJC_ARC = YES;
				CLANG_ENABLE_OBJC_WEAK = YES;
				CLANG_WARN_BLOCK_CAPTURE_AUTORELEASING = YES;
				CLANG_WARN_BOOL_CONVERSION = YES;
				CLANG_WARN_COMMA = YES;
				CLANG_WARN_CONSTANT_CONVERSION = YES;
				CLANG_WARN_DEPRECATED_OBJC_IMPLEMENTATIONS = YES;
				CLANG_WARN_DIRECT_OBJC_ISA_USAGE = YES_ERROR;
				CLANG_WARN_DOCUMENTATION_COMMENTS = YES;
				CLANG_WARN_EMPTY_BODY = YES;
				CLANG_WARN_ENUM_CONVERSION = YES;
				CLANG_WARN_INFINITE_RECURSION = YES;
				CLANG_WARN_INT_CONVERSION = YES;
				CLANG_WARN_NON_LITERAL_NULL_CONVERSION = YES;
				CLANG_WARN_OBJC_IMPLICIT_RETAIN_SELF = YES;
				CLANG_WARN_OBJC_LITERAL_CONVERSION = YES;
				CLANG_WARN_OBJC_ROOT_CLASS = YES_ERROR;
				CLANG_WARN_QUOTED_INCLUDE_IN_FRAMEWORK_HEADER = YES;
				CLANG_WARN_RANGE_LOOP_ANALYSIS = YES;
				CLANG_WARN_STRICT_PROTOTYPES = YES;
				CLANG_WARN_SUSPICIOUS_MOVE = YES;
				CLANG_WARN_UNGUARDED_AVAILABILITY = YES_AGGRESSIVE;
				CLANG_WARN_UNREACHABLE_CODE = YES;
				CLANG_WARN__DUPLICATE_METHOD_MATCH = YES;
				COPY_PHASE_STRIP = NO;
				DEBUG_INFORMATION_FORMAT = dwarf;
				ENABLE_STRICT_OBJC_MSGSEND = YES;
				ENABLE_TESTABILITY = YES;
				ENABLE_USER_SCRIPT_SANDBOXING = YES;
				GCC_C_LANGUAGE_STANDARD = gnu17;
				GCC_DYNAMIC_NO_PIC = NO;
				GCC_NO_COMMON_BLOCKS = YES;
				GCC_OPTIMIZATION_LEVEL = 0;
				GCC_PREPROCESSOR_DEFINITIONS = (
					"DEBUG=1",
					"$(inherited)",
				);
				GCC_WARN_64_TO_32_BIT_CONVERSION = YES;
				GCC_WARN_ABOUT_RETURN_TYPE = YES_ERROR;
				GCC_WARN_UNDECLARED_SELECTOR = YES;
				GCC_WARN_UNINITIALIZED_AUTOS = YES_AGGRESSIVE;
				GCC_WARN_UNUSED_FUNCTION = YES;
				GCC_WARN_UNUSED_VARIABLE = YES;
				IPHONEOS_DEPLOYMENT_TARGET = 17.0;
				LOCALIZATION_PREFERS_STRING_CATALOGS = YES;
				MTL_ENABLE_DEBUG_INFO = INCLUDE_SOURCE;
				MTL_FAST_MATH = YES;
				ONLY_ACTIVE_ARCH = YES;
				SDKROOT = iphoneos;
				SWIFT_ACTIVE_COMPILATION_CONDITIONS = "DEBUG $(inherited)";
				SWIFT_OPTIMIZATION_LEVEL = "-Onone";
			};
			name = Debug;
		};
		84B33B3C2BC7DAA100700765 /* Release */ = {
			isa = XCBuildConfiguration;
			buildSettings = {
				ALWAYS_SEARCH_USER_PATHS = NO;
				ASSETCATALOG_COMPILER_GENERATE_SWIFT_ASSET_SYMBOL_EXTENSIONS = YES;
				CLANG_ANALYZER_NONNULL = YES;
				CLANG_ANALYZER_NUMBER_OBJECT_CONVERSION = YES_AGGRESSIVE;
				CLANG_CXX_LANGUAGE_STANDARD = "gnu++20";
				CLANG_ENABLE_MODULES = YES;
				CLANG_ENABLE_OBJC_ARC = YES;
				CLANG_ENABLE_OBJC_WEAK = YES;
				CLANG_WARN_BLOCK_CAPTURE_AUTORELEASING = YES;
				CLANG_WARN_BOOL_CONVERSION = YES;
				CLANG_WARN_COMMA = YES;
				CLANG_WARN_CONSTANT_CONVERSION = YES;
				CLANG_WARN_DEPRECATED_OBJC_IMPLEMENTATIONS = YES;
				CLANG_WARN_DIRECT_OBJC_ISA_USAGE = YES_ERROR;
				CLANG_WARN_DOCUMENTATION_COMMENTS = YES;
				CLANG_WARN_EMPTY_BODY = YES;
				CLANG_WARN_ENUM_CONVERSION = YES;
				CLANG_WARN_INFINITE_RECURSION = YES;
				CLANG_WARN_INT_CONVERSION = YES;
				CLANG_WARN_NON_LITERAL_NULL_CONVERSION = YES;
				CLANG_WARN_OBJC_IMPLICIT_RETAIN_SELF = YES;
				CLANG_WARN_OBJC_LITERAL_CONVERSION = YES;
				CLANG_WARN_OBJC_ROOT_CLASS = YES_ERROR;
				CLANG_WARN_QUOTED_INCLUDE_IN_FRAMEWORK_HEADER = YES;
				CLANG_WARN_RANGE_LOOP_ANALYSIS = YES;
				CLANG_WARN_STRICT_PROTOTYPES = YES;
				CLANG_WARN_SUSPICIOUS_MOVE = YES;
				CLANG_WARN_UNGUARDED_AVAILABILITY = YES_AGGRESSIVE;
				CLANG_WARN_UNREACHABLE_CODE = YES;
				CLANG_WARN__DUPLICATE_METHOD_MATCH = YES;
				COPY_PHASE_STRIP = NO;
				DEBUG_INFORMATION_FORMAT = "dwarf-with-dsym";
				ENABLE_NS_ASSERTIONS = NO;
				ENABLE_STRICT_OBJC_MSGSEND = YES;
				ENABLE_USER_SCRIPT_SANDBOXING = YES;
				GCC_C_LANGUAGE_STANDARD = gnu17;
				GCC_NO_COMMON_BLOCKS = YES;
				GCC_WARN_64_TO_32_BIT_CONVERSION = YES;
				GCC_WARN_ABOUT_RETURN_TYPE = YES_ERROR;
				GCC_WARN_UNDECLARED_SELECTOR = YES;
				GCC_WARN_UNINITIALIZED_AUTOS = YES_AGGRESSIVE;
				GCC_WARN_UNUSED_FUNCTION = YES;
				GCC_WARN_UNUSED_VARIABLE = YES;
				IPHONEOS_DEPLOYMENT_TARGET = 17.0;
				LOCALIZATION_PREFERS_STRING_CATALOGS = YES;
				MTL_ENABLE_DEBUG_INFO = NO;
				MTL_FAST_MATH = YES;
				SDKROOT = iphoneos;
				SWIFT_COMPILATION_MODE = wholemodule;
				VALIDATE_PRODUCT = YES;
			};
			name = Release;
		};
		84B33B3E2BC7DAA100700765 /* Debug */ = {
			isa = XCBuildConfiguration;
			baseConfigurationReference = E2617C5E672B294146E13F4D /* Pods-Sample Chat app.debug.xcconfig */;
			buildSettings = {
				ASSETCATALOG_COMPILER_APPICON_NAME = AppIcon;
				ASSETCATALOG_COMPILER_GLOBAL_ACCENT_COLOR_NAME = AccentColor;
				CODE_SIGN_STYLE = Automatic;
				CURRENT_PROJECT_VERSION = 1;
				DEVELOPMENT_ASSET_PATHS = "\"Sample Chat app/Preview Content\"";
				ENABLE_PREVIEWS = YES;
				ENABLE_USER_SCRIPT_SANDBOXING = NO;
				FRAMEWORK_SEARCH_PATHS = "$(inherited)";
				GENERATE_INFOPLIST_FILE = YES;
				INFOPLIST_KEY_UIApplicationSceneManifest_Generation = YES;
				INFOPLIST_KEY_UIApplicationSupportsIndirectInputEvents = YES;
				INFOPLIST_KEY_UILaunchScreen_Generation = YES;
				INFOPLIST_KEY_UISupportedInterfaceOrientations_iPad = "UIInterfaceOrientationPortrait UIInterfaceOrientationPortraitUpsideDown UIInterfaceOrientationLandscapeLeft UIInterfaceOrientationLandscapeRight";
				INFOPLIST_KEY_UISupportedInterfaceOrientations_iPhone = "UIInterfaceOrientationPortrait UIInterfaceOrientationLandscapeLeft UIInterfaceOrientationLandscapeRight";
				LD_RUNPATH_SEARCH_PATHS = (
					"$(inherited)",
					"@executable_path/Frameworks",
				);
				MARKETING_VERSION = 1.0;
				PRODUCT_BUNDLE_IDENTIFIER = "com.pubnub.chat.Sample-Chat-app";
				PRODUCT_NAME = "$(TARGET_NAME)";
				SWIFT_EMIT_LOC_STRINGS = YES;
				SWIFT_VERSION = 5.0;
				TARGETED_DEVICE_FAMILY = "1,2";
			};
			name = Debug;
		};
		84B33B3F2BC7DAA100700765 /* Release */ = {
			isa = XCBuildConfiguration;
			baseConfigurationReference = F3A5731BF197B94415251D31 /* Pods-Sample Chat app.release.xcconfig */;
			buildSettings = {
				ASSETCATALOG_COMPILER_APPICON_NAME = AppIcon;
				ASSETCATALOG_COMPILER_GLOBAL_ACCENT_COLOR_NAME = AccentColor;
				CODE_SIGN_STYLE = Automatic;
				CURRENT_PROJECT_VERSION = 1;
				DEVELOPMENT_ASSET_PATHS = "\"Sample Chat app/Preview Content\"";
				ENABLE_PREVIEWS = YES;
				ENABLE_USER_SCRIPT_SANDBOXING = NO;
				FRAMEWORK_SEARCH_PATHS = "$(inherited)";
				GENERATE_INFOPLIST_FILE = YES;
				INFOPLIST_KEY_UIApplicationSceneManifest_Generation = YES;
				INFOPLIST_KEY_UIApplicationSupportsIndirectInputEvents = YES;
				INFOPLIST_KEY_UILaunchScreen_Generation = YES;
				INFOPLIST_KEY_UISupportedInterfaceOrientations_iPad = "UIInterfaceOrientationPortrait UIInterfaceOrientationPortraitUpsideDown UIInterfaceOrientationLandscapeLeft UIInterfaceOrientationLandscapeRight";
				INFOPLIST_KEY_UISupportedInterfaceOrientations_iPhone = "UIInterfaceOrientationPortrait UIInterfaceOrientationLandscapeLeft UIInterfaceOrientationLandscapeRight";
				LD_RUNPATH_SEARCH_PATHS = (
					"$(inherited)",
					"@executable_path/Frameworks",
				);
				MARKETING_VERSION = 1.0;
				PRODUCT_BUNDLE_IDENTIFIER = "com.pubnub.chat.Sample-Chat-app";
				PRODUCT_NAME = "$(TARGET_NAME)";
				SWIFT_EMIT_LOC_STRINGS = YES;
				SWIFT_VERSION = 5.0;
				TARGETED_DEVICE_FAMILY = "1,2";
			};
			name = Release;
		};
/* End XCBuildConfiguration section */

/* Begin XCConfigurationList section */
		84B33B2A2BC7DAA000700765 /* Build configuration list for PBXProject "Sample Chat app" */ = {
			isa = XCConfigurationList;
			buildConfigurations = (
				84B33B3B2BC7DAA100700765 /* Debug */,
				84B33B3C2BC7DAA100700765 /* Release */,
			);
			defaultConfigurationIsVisible = 0;
			defaultConfigurationName = Release;
		};
		84B33B3D2BC7DAA100700765 /* Build configuration list for PBXNativeTarget "Sample Chat app" */ = {
			isa = XCConfigurationList;
			buildConfigurations = (
				84B33B3E2BC7DAA100700765 /* Debug */,
				84B33B3F2BC7DAA100700765 /* Release */,
			);
			defaultConfigurationIsVisible = 0;
			defaultConfigurationName = Release;
		};
/* End XCConfigurationList section */
	};
	rootObject = 84B33B272BC7DAA000700765 /* Project object */;
}
